
Microsoft Visual Studio Solution File, Format Version 12.00
# Visual Studio Version 17
VisualStudioVersion = 17.1.32414.318
MinimumVisualStudioVersion = 10.0.40219.1
Project("{9A19103F-16F7-4668-BE54-9A1E7A4F7556}") = "Homework №1", "Homework №1.csproj", "{D12A6EDC-9542-48CF-9494-2413F1CF6D40}"
EndProject
Project("{9A19103F-16F7-4668-BE54-9A1E7A4F7556}") = "Homework№2", "..\Homework№2\Homework№2.csproj", "{97592BA1-126D-4CD8-9E49-B26B5F16B989}"
EndProject
Project("{9A19103F-16F7-4668-BE54-9A1E7A4F7556}") = "Homework№3", "..\Homework№3\Homework№3.csproj", "{7F890837-0187-4B69-A685-5C66BECBC4F2}"
EndProject
Project("{9A19103F-16F7-4668-BE54-9A1E7A4F7556}") = "Homework№4", "..\Lesson№11\Homework№4.csproj", "{5230124B-B04C-4024-928C-53279E0D78A9}"
EndProject
Project("{9A19103F-16F7-4668-BE54-9A1E7A4F7556}") = "Homework№5", "..\Homework№5\Homework№5.csproj", "{4CC0D08A-1174-442A-8C5D-CC46AD51662C}"
EndProject
Project("{FAE04EC0-301F-11D3-BF4B-00C04F79EFBC}") = "Homework№6", "..\Homework№6\Homework№6.csproj", "{F1218D65-1610-4927-8077-305132D85268}"
EndProject
Global
	GlobalSection(SolutionConfigurationPlatforms) = preSolution
		Debug|Any CPU = Debug|Any CPU
		Release|Any CPU = Release|Any CPU
	EndGlobalSection
	GlobalSection(ProjectConfigurationPlatforms) = postSolution
		{D12A6EDC-9542-48CF-9494-2413F1CF6D40}.Debug|Any CPU.ActiveCfg = Debug|Any CPU
		{D12A6EDC-9542-48CF-9494-2413F1CF6D40}.Debug|Any CPU.Build.0 = Debug|Any CPU
		{D12A6EDC-9542-48CF-9494-2413F1CF6D40}.Release|Any CPU.ActiveCfg = Release|Any CPU
		{D12A6EDC-9542-48CF-9494-2413F1CF6D40}.Release|Any CPU.Build.0 = Release|Any CPU
		{97592BA1-126D-4CD8-9E49-B26B5F16B989}.Debug|Any CPU.ActiveCfg = Debug|Any CPU
		{97592BA1-126D-4CD8-9E49-B26B5F16B989}.Debug|Any CPU.Build.0 = Debug|Any CPU
		{97592BA1-126D-4CD8-9E49-B26B5F16B989}.Release|Any CPU.ActiveCfg = Release|Any CPU
		{97592BA1-126D-4CD8-9E49-B26B5F16B989}.Release|Any CPU.Build.0 = Release|Any CPU
		{7F890837-0187-4B69-A685-5C66BECBC4F2}.Debug|Any CPU.ActiveCfg = Debug|Any CPU
		{7F890837-0187-4B69-A685-5C66BECBC4F2}.Debug|Any CPU.Build.0 = Debug|Any CPU
		{7F890837-0187-4B69-A685-5C66BECBC4F2}.Release|Any CPU.ActiveCfg = Release|Any CPU
		{7F890837-0187-4B69-A685-5C66BECBC4F2}.Release|Any CPU.Build.0 = Release|Any CPU
		{5230124B-B04C-4024-928C-53279E0D78A9}.Debug|Any CPU.ActiveCfg = Debug|Any CPU
		{5230124B-B04C-4024-928C-53279E0D78A9}.Debug|Any CPU.Build.0 = Debug|Any CPU
		{5230124B-B04C-4024-928C-53279E0D78A9}.Release|Any CPU.ActiveCfg = Release|Any CPU
		{5230124B-B04C-4024-928C-53279E0D78A9}.Release|Any CPU.Build.0 = Release|Any CPU
		{4CC0D08A-1174-442A-8C5D-CC46AD51662C}.Debug|Any CPU.ActiveCfg = Debug|Any CPU
		{4CC0D08A-1174-442A-8C5D-CC46AD51662C}.Debug|Any CPU.Build.0 = Debug|Any CPU
		{4CC0D08A-1174-442A-8C5D-CC46AD51662C}.Release|Any CPU.ActiveCfg = Release|Any CPU
		{4CC0D08A-1174-442A-8C5D-CC46AD51662C}.Release|Any CPU.Build.0 = Release|Any CPU
		{F1218D65-1610-4927-8077-305132D85268}.Debug|Any CPU.ActiveCfg = Debug|Any CPU
		{F1218D65-1610-4927-8077-305132D85268}.Debug|Any CPU.Build.0 = Debug|Any CPU
		{F1218D65-1610-4927-8077-305132D85268}.Release|Any CPU.ActiveCfg = Release|Any CPU
		{F1218D65-1610-4927-8077-305132D85268}.Release|Any CPU.Build.0 = Release|Any CPU
	EndGlobalSection
	GlobalSection(SolutionProperties) = preSolution
		HideSolutionNode = FALSE
	EndGlobalSection
	GlobalSection(ExtensibilityGlobals) = postSolution
		SolutionGuid = {50CC6166-01C6-4E1B-B8AE-6933344687E7}
	EndGlobalSection
EndGlobal
